
Microsoft Visual Studio Solution File, Format Version 12.00
# Visual Studio Version 17
VisualStudioVersion = 17.8.34330.188
MinimumVisualStudioVersion = 10.0.40219.1
Project("{FAE04EC0-301F-11D3-BF4B-00C04F79EFBC}") = "ToDoList", "ToDoList\ToDoList.csproj", "{C395D68A-C29F-4448-A545-13ED3290A638}"
EndProject
Global
	GlobalSection(SolutionConfigurationPlatforms) = preSolution
		Debug|Any CPU = Debug|Any CPU
		Release|Any CPU = Release|Any CPU
	EndGlobalSection
	GlobalSection(ProjectConfigurationPlatforms) = postSolution
		{C395D68A-C29F-4448-A545-13ED3290A638}.Debug|Any CPU.ActiveCfg = Debug|Any CPU
		{C395D68A-C29F-4448-A545-13ED3290A638}.Debug|Any CPU.Build.0 = Debug|Any CPU
		{C395D68A-C29F-4448-A545-13ED3290A638}.Release|Any CPU.ActiveCfg = Release|Any CPU
		{C395D68A-C29F-4448-A545-13ED3290A638}.Release|Any CPU.Build.0 = Release|Any CPU
	EndGlobalSection
	GlobalSection(SolutionProperties) = preSolution
		HideSolutionNode = FALSE
	EndGlobalSection
	GlobalSection(ExtensibilityGlobals) = postSolution
		SolutionGuid = {4A201D2B-8688-419E-800B-DC6002850E4D}
	EndGlobalSection
EndGlobal
